// !$*UTF8*$!
{
	archiveVersion = 1;
	classes = {
	};
	objectVersion = 50;
	objects = {

/* Begin PBXBuildFile section */
		585E6CF624C0332E0058B949 /* Assets.xcassets in Resources */ = {isa = PBXBuildFile; fileRef = 585E6CF524C0332E0058B949 /* Assets.xcassets */; };
		585E6CF924C0332E0058B949 /* Preview Assets.xcassets in Resources */ = {isa = PBXBuildFile; fileRef = 585E6CF824C0332E0058B949 /* Preview Assets.xcassets */; };
		585E6CFC24C0332E0058B949 /* LaunchScreen.storyboard in Resources */ = {isa = PBXBuildFile; fileRef = 585E6CFA24C0332E0058B949 /* LaunchScreen.storyboard */; };
		585E6D0724C0332E0058B949 /* WebViewTestUITests.swift in Sources */ = {isa = PBXBuildFile; fileRef = 585E6D0624C0332E0058B949 /* WebViewTestUITests.swift */; };
		585E6D1224C033DF0058B949 /* ViewController.swift in Sources */ = {isa = PBXBuildFile; fileRef = 585E6D1124C033DF0058B949 /* ViewController.swift */; };
		585E6D1424C033F90058B949 /* ViewController.xib in Resources */ = {isa = PBXBuildFile; fileRef = 585E6D1324C033F90058B949 /* ViewController.xib */; };
		585E6D1724C038430058B949 /* WebKit.framework in Frameworks */ = {isa = PBXBuildFile; fileRef = 585E6D1624C038430058B949 /* WebKit.framework */; };
		585E6D1D24C044BE0058B949 /* AppDelegate.swift in Sources */ = {isa = PBXBuildFile; fileRef = 585E6D1C24C044BE0058B949 /* AppDelegate.swift */; };
/* End PBXBuildFile section */

/* Begin PBXContainerItemProxy section */
		585E6D0324C0332E0058B949 /* PBXContainerItemProxy */ = {
			isa = PBXContainerItemProxy;
			containerPortal = 585E6CE424C033290058B949 /* Project object */;
			proxyType = 1;
			remoteGlobalIDString = 585E6CEB24C033290058B949;
			remoteInfo = WebViewTest;
		};
/* End PBXContainerItemProxy section */

/* Begin PBXFileReference section */
		585E6CEC24C033290058B949 /* WebViewTest.app */ = {isa = PBXFileReference; explicitFileType = wrapper.application; includeInIndex = 0; path = WebViewTest.app; sourceTree = BUILT_PRODUCTS_DIR; };
		585E6CF524C0332E0058B949 /* Assets.xcassets */ = {isa = PBXFileReference; lastKnownFileType = folder.assetcatalog; path = Assets.xcassets; sourceTree = "<group>"; };
		585E6CF824C0332E0058B949 /* Preview Assets.xcassets */ = {isa = PBXFileReference; lastKnownFileType = folder.assetcatalog; path = "Preview Assets.xcassets"; sourceTree = "<group>"; };
		585E6CFB24C0332E0058B949 /* Base */ = {isa = PBXFileReference; lastKnownFileType = file.storyboard; name = Base; path = Base.lproj/LaunchScreen.storyboard; sourceTree = "<group>"; };
		585E6CFD24C0332E0058B949 /* Info.plist */ = {isa = PBXFileReference; lastKnownFileType = text.plist.xml; path = Info.plist; sourceTree = "<group>"; };
		585E6D0224C0332E0058B949 /* WebViewTestUITests.xctest */ = {isa = PBXFileReference; explicitFileType = wrapper.cfbundle; includeInIndex = 0; path = WebViewTestUITests.xctest; sourceTree = BUILT_PRODUCTS_DIR; };
		585E6D0624C0332E0058B949 /* WebViewTestUITests.swift */ = {isa = PBXFileReference; lastKnownFileType = sourcecode.swift; path = WebViewTestUITests.swift; sourceTree = "<group>"; };
		585E6D0824C0332E0058B949 /* Info.plist */ = {isa = PBXFileReference; lastKnownFileType = text.plist.xml; path = Info.plist; sourceTree = "<group>"; };
		585E6D1124C033DF0058B949 /* ViewController.swift */ = {isa = PBXFileReference; lastKnownFileType = sourcecode.swift; path = ViewController.swift; sourceTree = "<group>"; };
		585E6D1324C033F90058B949 /* ViewController.xib */ = {isa = PBXFileReference; lastKnownFileType = file.xib; path = ViewController.xib; sourceTree = "<group>"; };
		585E6D1624C038430058B949 /* WebKit.framework */ = {isa = PBXFileReference; lastKnownFileType = wrapper.framework; name = WebKit.framework; path = System/Library/Frameworks/WebKit.framework; sourceTree = SDKROOT; };
		585E6D1824C03D880058B949 /* WebViewTest-Bridging-Header.h */ = {isa = PBXFileReference; lastKnownFileType = sourcecode.c.h; path = "WebViewTest-Bridging-Header.h"; sourceTree = "<group>"; };
		585E6D1C24C044BE0058B949 /* AppDelegate.swift */ = {isa = PBXFileReference; fileEncoding = 4; lastKnownFileType = sourcecode.swift; path = AppDelegate.swift; sourceTree = "<group>"; };
/* End PBXFileReference section */

/* Begin PBXFrameworksBuildPhase section */
		585E6CE924C033290058B949 /* Frameworks */ = {
			isa = PBXFrameworksBuildPhase;
			buildActionMask = 2147483647;
			files = (
				585E6D1724C038430058B949 /* WebKit.framework in Frameworks */,
			);
			runOnlyForDeploymentPostprocessing = 0;
		};
		585E6CFF24C0332E0058B949 /* Frameworks */ = {
			isa = PBXFrameworksBuildPhase;
			buildActionMask = 2147483647;
			files = (
			);
			runOnlyForDeploymentPostprocessing = 0;
		};
/* End PBXFrameworksBuildPhase section */

/* Begin PBXGroup section */
		585E6CE324C033290058B949 = {
			isa = PBXGroup;
			children = (
				585E6CEE24C033290058B949 /* WebViewTest */,
				585E6D0524C0332E0058B949 /* WebViewTestUITests */,
				585E6CED24C033290058B949 /* Products */,
				585E6D1524C038430058B949 /* Frameworks */,
			);
			sourceTree = "<group>";
		};
		585E6CED24C033290058B949 /* Products */ = {
			isa = PBXGroup;
			children = (
				585E6CEC24C033290058B949 /* WebViewTest.app */,
				585E6D0224C0332E0058B949 /* WebViewTestUITests.xctest */,
			);
			name = Products;
			sourceTree = "<group>";
		};
		585E6CEE24C033290058B949 /* WebViewTest */ = {
			isa = PBXGroup;
			children = (
				585E6D1C24C044BE0058B949 /* AppDelegate.swift */,
				585E6CF524C0332E0058B949 /* Assets.xcassets */,
				585E6CFA24C0332E0058B949 /* LaunchScreen.storyboard */,
				585E6CFD24C0332E0058B949 /* Info.plist */,
				585E6CF724C0332E0058B949 /* Preview Content */,
				585E6D1124C033DF0058B949 /* ViewController.swift */,
				585E6D1324C033F90058B949 /* ViewController.xib */,
				585E6D1824C03D880058B949 /* WebViewTest-Bridging-Header.h */,
			);
			path = WebViewTest;
			sourceTree = "<group>";
		};
		585E6CF724C0332E0058B949 /* Preview Content */ = {
			isa = PBXGroup;
			children = (
				585E6CF824C0332E0058B949 /* Preview Assets.xcassets */,
			);
			path = "Preview Content";
			sourceTree = "<group>";
		};
		585E6D0524C0332E0058B949 /* WebViewTestUITests */ = {
			isa = PBXGroup;
			children = (
				585E6D0624C0332E0058B949 /* WebViewTestUITests.swift */,
				585E6D0824C0332E0058B949 /* Info.plist */,
			);
			path = WebViewTestUITests;
			sourceTree = "<group>";
		};
		585E6D1524C038430058B949 /* Frameworks */ = {
			isa = PBXGroup;
			children = (
				585E6D1624C038430058B949 /* WebKit.framework */,
			);
			name = Frameworks;
			sourceTree = "<group>";
		};
/* End PBXGroup section */

/* Begin PBXNativeTarget section */
		585E6CEB24C033290058B949 /* WebViewTest */ = {
			isa = PBXNativeTarget;
			buildConfigurationList = 585E6D0B24C0332E0058B949 /* Build configuration list for PBXNativeTarget "WebViewTest" */;
			buildPhases = (
				585E6CE824C033290058B949 /* Sources */,
				585E6CE924C033290058B949 /* Frameworks */,
				585E6CEA24C033290058B949 /* Resources */,
			);
			buildRules = (
			);
			dependencies = (
			);
			name = WebViewTest;
			productName = WebViewTest;
			productReference = 585E6CEC24C033290058B949 /* WebViewTest.app */;
			productType = "com.apple.product-type.application";
		};
		585E6D0124C0332E0058B949 /* WebViewTestUITests */ = {
			isa = PBXNativeTarget;
			buildConfigurationList = 585E6D0E24C0332E0058B949 /* Build configuration list for PBXNativeTarget "WebViewTestUITests" */;
			buildPhases = (
				585E6CFE24C0332E0058B949 /* Sources */,
				585E6CFF24C0332E0058B949 /* Frameworks */,
				585E6D0024C0332E0058B949 /* Resources */,
			);
			buildRules = (
			);
			dependencies = (
				585E6D0424C0332E0058B949 /* PBXTargetDependency */,
			);
			name = WebViewTestUITests;
			productName = WebViewTestUITests;
			productReference = 585E6D0224C0332E0058B949 /* WebViewTestUITests.xctest */;
			productType = "com.apple.product-type.bundle.ui-testing";
		};
/* End PBXNativeTarget section */

/* Begin PBXProject section */
		585E6CE424C033290058B949 /* Project object */ = {
			isa = PBXProject;
			attributes = {
				LastSwiftUpdateCheck = 1140;
				LastUpgradeCheck = 1140;
				ORGANIZATIONNAME = madongkai;
				TargetAttributes = {
					585E6CEB24C033290058B949 = {
						CreatedOnToolsVersion = 11.4;
						LastSwiftMigration = 1140;
					};
					585E6D0124C0332E0058B949 = {
						CreatedOnToolsVersion = 11.4;
						TestTargetID = 585E6CEB24C033290058B949;
					};
				};
			};
			buildConfigurationList = 585E6CE724C033290058B949 /* Build configuration list for PBXProject "WebViewTest" */;
			compatibilityVersion = "Xcode 9.3";
			developmentRegion = en;
			hasScannedForEncodings = 0;
			knownRegions = (
				en,
				Base,
			);
			mainGroup = 585E6CE324C033290058B949;
			productRefGroup = 585E6CED24C033290058B949 /* Products */;
			projectDirPath = "";
			projectRoot = "";
			targets = (
				585E6CEB24C033290058B949 /* WebViewTest */,
				585E6D0124C0332E0058B949 /* WebViewTestUITests */,
			);
		};
/* End PBXProject section */

/* Begin PBXResourcesBuildPhase section */
		585E6CEA24C033290058B949 /* Resources */ = {
			isa = PBXResourcesBuildPhase;
			buildActionMask = 2147483647;
			files = (
				585E6CFC24C0332E0058B949 /* LaunchScreen.storyboard in Resources */,
				585E6CF924C0332E0058B949 /* Preview Assets.xcassets in Resources */,
				585E6D1424C033F90058B949 /* ViewController.xib in Resources */,
				585E6CF624C0332E0058B949 /* Assets.xcassets in Resources */,
			);
			runOnlyForDeploymentPostprocessing = 0;
		};
		585E6D0024C0332E0058B949 /* Resources */ = {
			isa = PBXResourcesBuildPhase;
			buildActionMask = 2147483647;
			files = (
			);
			runOnlyForDeploymentPostprocessing = 0;
		};
/* End PBXResourcesBuildPhase section */

/* Begin PBXSourcesBuildPhase section */
		585E6CE824C033290058B949 /* Sources */ = {
			isa = PBXSourcesBuildPhase;
			buildActionMask = 2147483647;
			files = (
				585E6D1D24C044BE0058B949 /* AppDelegate.swift in Sources */,
				585E6D1224C033DF0058B949 /* ViewController.swift in Sources */,
			);
			runOnlyForDeploymentPostprocessing = 0;
		};
		585E6CFE24C0332E0058B949 /* Sources */ = {
			isa = PBXSourcesBuildPhase;
			buildActionMask = 2147483647;
			files = (
				585E6D0724C0332E0058B949 /* WebViewTestUITests.swift in Sources */,
			);
			runOnlyForDeploymentPostprocessing = 0;
		};
/* End PBXSourcesBuildPhase section */

/* Begin PBXTargetDependency section */
		585E6D0424C0332E0058B949 /* PBXTargetDependency */ = {
			isa = PBXTargetDependency;
			target = 585E6CEB24C033290058B949 /* WebViewTest */;
			targetProxy = 585E6D0324C0332E0058B949 /* PBXContainerItemProxy */;
		};
/* End PBXTargetDependency section */

/* Begin PBXVariantGroup section */
		585E6CFA24C0332E0058B949 /* LaunchScreen.storyboard */ = {
			isa = PBXVariantGroup;
			children = (
				585E6CFB24C0332E0058B949 /* Base */,
			);
			name = LaunchScreen.storyboard;
			sourceTree = "<group>";
		};
/* End PBXVariantGroup section */

/* Begin XCBuildConfiguration section */
		585E6D0924C0332E0058B949 /* Debug */ = {
			isa = XCBuildConfiguration;
			buildSettings = {
				ALWAYS_SEARCH_USER_PATHS = NO;
				CLANG_ANALYZER_NONNULL = YES;
				CLANG_ANALYZER_NUMBER_OBJECT_CONVERSION = YES_AGGRESSIVE;
				CLANG_CXX_LANGUAGE_STANDARD = "gnu++14";
				CLANG_CXX_LIBRARY = "libc++";
				CLANG_ENABLE_MODULES = YES;
				CLANG_ENABLE_OBJC_ARC = YES;
				CLANG_ENABLE_OBJC_WEAK = YES;
				CLANG_WARN_BLOCK_CAPTURE_AUTORELEASING = YES;
				CLANG_WARN_BOOL_CONVERSION = YES;
				CLANG_WARN_COMMA = YES;
				CLANG_WARN_CONSTANT_CONVERSION = YES;
				CLANG_WARN_DEPRECATED_OBJC_IMPLEMENTATIONS = YES;
				CLANG_WARN_DIRECT_OBJC_ISA_USAGE = YES_ERROR;
				CLANG_WARN_DOCUMENTATION_COMMENTS = YES;
				CLANG_WARN_EMPTY_BODY = YES;
				CLANG_WARN_ENUM_CONVERSION = YES;
				CLANG_WARN_INFINITE_RECURSION = YES;
				CLANG_WARN_INT_CONVERSION = YES;
				CLANG_WARN_NON_LITERAL_NULL_CONVERSION = YES;
				CLANG_WARN_OBJC_IMPLICIT_RETAIN_SELF = YES;
				CLANG_WARN_OBJC_LITERAL_CONVERSION = YES;
				CLANG_WARN_OBJC_ROOT_CLASS = YES_ERROR;
				CLANG_WARN_RANGE_LOOP_ANALYSIS = YES;
				CLANG_WARN_STRICT_PROTOTYPES = YES;
				CLANG_WARN_SUSPICIOUS_MOVE = YES;
				CLANG_WARN_UNGUARDED_AVAILABILITY = YES_AGGRESSIVE;
				CLANG_WARN_UNREACHABLE_CODE = YES;
				CLANG_WARN__DUPLICATE_METHOD_MATCH = YES;
				COPY_PHASE_STRIP = NO;
				DEBUG_INFORMATION_FORMAT = dwarf;
				ENABLE_STRICT_OBJC_MSGSEND = YES;
				ENABLE_TESTABILITY = YES;
				GCC_C_LANGUAGE_STANDARD = gnu11;
				GCC_DYNAMIC_NO_PIC = NO;
				GCC_NO_COMMON_BLOCKS = YES;
				GCC_OPTIMIZATION_LEVEL = 0;
				GCC_PREPROCESSOR_DEFINITIONS = (
					"DEBUG=1",
					"$(inherited)",
				);
				GCC_WARN_64_TO_32_BIT_CONVERSION = YES;
				GCC_WARN_ABOUT_RETURN_TYPE = YES_ERROR;
				GCC_WARN_UNDECLARED_SELECTOR = YES;
				GCC_WARN_UNINITIALIZED_AUTOS = YES_AGGRESSIVE;
				GCC_WARN_UNUSED_FUNCTION = YES;
				GCC_WARN_UNUSED_VARIABLE = YES;
				IPHONEOS_DEPLOYMENT_TARGET = 13.4;
				MTL_ENABLE_DEBUG_INFO = INCLUDE_SOURCE;
				MTL_FAST_MATH = YES;
				ONLY_ACTIVE_ARCH = YES;
				SDKROOT = iphoneos;
				SWIFT_ACTIVE_COMPILATION_CONDITIONS = DEBUG;
				SWIFT_OPTIMIZATION_LEVEL = "-Onone";
			};
			name = Debug;
		};
		585E6D0A24C0332E0058B949 /* Release */ = {
			isa = XCBuildConfiguration;
			buildSettings = {
				ALWAYS_SEARCH_USER_PATHS = NO;
				CLANG_ANALYZER_NONNULL = YES;
				CLANG_ANALYZER_NUMBER_OBJECT_CONVERSION = YES_AGGRESSIVE;
				CLANG_CXX_LANGUAGE_STANDARD = "gnu++14";
				CLANG_CXX_LIBRARY = "libc++";
				CLANG_ENABLE_MODULES = YES;
				CLANG_ENABLE_OBJC_ARC = YES;
				CLANG_ENABLE_OBJC_WEAK = YES;
				CLANG_WARN_BLOCK_CAPTURE_AUTORELEASING = YES;
				CLANG_WARN_BOOL_CONVERSION = YES;
				CLANG_WARN_COMMA = YES;
				CLANG_WARN_CONSTANT_CONVERSION = YES;
				CLANG_WARN_DEPRECATED_OBJC_IMPLEMENTATIONS = YES;
				CLANG_WARN_DIRECT_OBJC_ISA_USAGE = YES_ERROR;
				CLANG_WARN_DOCUMENTATION_COMMENTS = YES;
				CLANG_WARN_EMPTY_BODY = YES;
				CLANG_WARN_ENUM_CONVERSION = YES;
				CLANG_WARN_INFINITE_RECURSION = YES;
				CLANG_WARN_INT_CONVERSION = YES;
				CLANG_WARN_NON_LITERAL_NULL_CONVERSION = YES;
				CLANG_WARN_OBJC_IMPLICIT_RETAIN_SELF = YES;
				CLANG_WARN_OBJC_LITERAL_CONVERSION = YES;
				CLANG_WARN_OBJC_ROOT_CLASS = YES_ERROR;
				CLANG_WARN_RANGE_LOOP_ANALYSIS = YES;
				CLANG_WARN_STRICT_PROTOTYPES = YES;
				CLANG_WARN_SUSPICIOUS_MOVE = YES;
				CLANG_WARN_UNGUARDED_AVAILABILITY = YES_AGGRESSIVE;
				CLANG_WARN_UNREACHABLE_CODE = YES;
				CLANG_WARN__DUPLICATE_METHOD_MATCH = YES;
				COPY_PHASE_STRIP = NO;
				DEBUG_INFORMATION_FORMAT = "dwarf-with-dsym";
				ENABLE_NS_ASSERTIONS = NO;
				ENABLE_STRICT_OBJC_MSGSEND = YES;
				GCC_C_LANGUAGE_STANDARD = gnu11;
				GCC_NO_COMMON_BLOCKS = YES;
				GCC_WARN_64_TO_32_BIT_CONVERSION = YES;
				GCC_WARN_ABOUT_RETURN_TYPE = YES_ERROR;
				GCC_WARN_UNDECLARED_SELECTOR = YES;
				GCC_WARN_UNINITIALIZED_AUTOS = YES_AGGRESSIVE;
				GCC_WARN_UNUSED_FUNCTION = YES;
				GCC_WARN_UNUSED_VARIABLE = YES;
				IPHONEOS_DEPLOYMENT_TARGET = 13.4;
				MTL_ENABLE_DEBUG_INFO = NO;
				MTL_FAST_MATH = YES;
				SDKROOT = iphoneos;
				SWIFT_COMPILATION_MODE = wholemodule;
				SWIFT_OPTIMIZATION_LEVEL = "-O";
				VALIDATE_PRODUCT = YES;
			};
			name = Release;
		};
		585E6D0C24C0332E0058B949 /* Debug */ = {
			isa = XCBuildConfiguration;
			buildSettings = {
				ASSETCATALOG_COMPILER_APPICON_NAME = AppIcon;
				CLANG_ENABLE_MODULES = YES;
				CODE_SIGN_STYLE = Automatic;
				DEVELOPMENT_ASSET_PATHS = "\"WebViewTest/Preview Content\"";
				DEVELOPMENT_TEAM = 2VSC2CQ2RJ;
				ENABLE_PREVIEWS = YES;
				INFOPLIST_FILE = WebViewTest/Info.plist;
				IPHONEOS_DEPLOYMENT_TARGET = 11.0;
				LD_RUNPATH_SEARCH_PATHS = (
					"$(inherited)",
					"@executable_path/Frameworks",
				);
				PRODUCT_BUNDLE_IDENTIFIER = com.demoker.WebViewTest;
				PRODUCT_NAME = "$(TARGET_NAME)";
				SWIFT_OBJC_BRIDGING_HEADER = "WebViewTest/WebViewTest-Bridging-Header.h";
				SWIFT_OPTIMIZATION_LEVEL = "-Onone";
				SWIFT_VERSION = 5.0;
				TARGETED_DEVICE_FAMILY = "1,2";
			};
			name = Debug;
		};
		585E6D0D24C0332E0058B949 /* Release */ = {
			isa = XCBuildConfiguration;
			buildSettings = {
				ASSETCATALOG_COMPILER_APPICON_NAME = AppIcon;
				CLANG_ENABLE_MODULES = YES;
				CODE_SIGN_STYLE = Automatic;
				DEVELOPMENT_ASSET_PATHS = "\"WebViewTest/Preview Content\"";
				DEVELOPMENT_TEAM = 2VSC2CQ2RJ;
				ENABLE_PREVIEWS = YES;
				INFOPLIST_FILE = WebViewTest/Info.plist;
				IPHONEOS_DEPLOYMENT_TARGET = 11.0;
				LD_RUNPATH_SEARCH_PATHS = (
					"$(inherited)",
					"@executable_path/Frameworks",
				);
				PRODUCT_BUNDLE_IDENTIFIER = com.demoker.WebViewTest;
				PRODUCT_NAME = "$(TARGET_NAME)";
				SWIFT_OBJC_BRIDGING_HEADER = "WebViewTest/WebViewTest-Bridging-Header.h";
				SWIFT_VERSION = 5.0;
				TARGETED_DEVICE_FAMILY = "1,2";
			};
			name = Release;
		};
		585E6D0F24C0332E0058B949 /* Debug */ = {
			isa = XCBuildConfiguration;
			buildSettings = {
				ALWAYS_EMBED_SWIFT_STANDARD_LIBRARIES = YES;
				CODE_SIGN_STYLE = Automatic;
				DEVELOPMENT_TEAM = 2VSC2CQ2RJ;
				INFOPLIST_FILE = WebViewTestUITests/Info.plist;
				LD_RUNPATH_SEARCH_PATHS = (
					"$(inherited)",
					"@executable_path/Frameworks",
					"@loader_path/Frameworks",
				);
				PRODUCT_BUNDLE_IDENTIFIER = com.demoker.WebViewTestUITests;
				PRODUCT_NAME = "$(TARGET_NAME)";
				SWIFT_VERSION = 5.0;
				TARGETED_DEVICE_FAMILY = "1,2";
				TEST_TARGET_NAME = WebViewTest;
			};
			name = Debug;
		};
		585E6D1024C0332E0058B949 /* Release */ = {
			isa = XCBuildConfiguration;
			buildSettings = {
				ALWAYS_EMBED_SWIFT_STANDARD_LIBRARIES = YES;
				CODE_SIGN_STYLE = Automatic;
				DEVELOPMENT_TEAM = 2VSC2CQ2RJ;
				INFOPLIST_FILE = WebViewTestUITests/Info.plist;
				LD_RUNPATH_SEARCH_PATHS = (
					"$(inherited)",
					"@executable_path/Frameworks",
					"@loader_path/Frameworks",
				);
				PRODUCT_BUNDLE_IDENTIFIER = com.demoker.WebViewTestUITests;
				PRODUCT_NAME = "$(TARGET_NAME)";
				SWIFT_VERSION = 5.0;
				TARGETED_DEVICE_FAMILY = "1,2";
				TEST_TARGET_NAME = WebViewTest;
			};
			name = Release;
		};
/* End XCBuildConfiguration section */

/* Begin XCConfigurationList section */
		585E6CE724C033290058B949 /* Build configuration list for PBXProject "WebViewTest" */ = {
			isa = XCConfigurationList;
			buildConfigurations = (
				585E6D0924C0332E0058B949 /* Debug */,
				585E6D0A24C0332E0058B949 /* Release */,
			);
			defaultConfigurationIsVisible = 0;
			defaultConfigurationName = Release;
		};
		585E6D0B24C0332E0058B949 /* Build configuration list for PBXNativeTarget "WebViewTest" */ = {
			isa = XCConfigurationList;
			buildConfigurations = (
				585E6D0C24C0332E0058B949 /* Debug */,
				585E6D0D24C0332E0058B949 /* Release */,
			);
			defaultConfigurationIsVisible = 0;
			defaultConfigurationName = Release;
		};
		585E6D0E24C0332E0058B949 /* Build configuration list for PBXNativeTarget "WebViewTestUITests" */ = {
			isa = XCConfigurationList;
			buildConfigurations = (
				585E6D0F24C0332E0058B949 /* Debug */,
				585E6D1024C0332E0058B949 /* Release */,
			);
			defaultConfigurationIsVisible = 0;
			defaultConfigurationName = Release;
		};
/* End XCConfigurationList section */
	};
	rootObject = 585E6CE424C033290058B949 /* Project object */;
}
